
Microsoft Visual Studio Solution File, Format Version 12.00
# Visual Studio Version 17
VisualStudioVersion = 17.1.32319.34
MinimumVisualStudioVersion = 10.0.40219.1
Project("{FAE04EC0-301F-11D3-BF4B-00C04F79EFBC}") = "Projeto", "Projeto\Projeto.csproj", "{5A75439A-E166-404E-8D2D-E2DB1EE94F64}"
EndProject
Global
	GlobalSection(SolutionConfigurationPlatforms) = preSolution
		Debug|Any CPU = Debug|Any CPU
		Release|Any CPU = Release|Any CPU
	EndGlobalSection
	GlobalSection(ProjectConfigurationPlatforms) = postSolution
		{5A75439A-E166-404E-8D2D-E2DB1EE94F64}.Debug|Any CPU.ActiveCfg = Debug|Any CPU
		{5A75439A-E166-404E-8D2D-E2DB1EE94F64}.Debug|Any CPU.Build.0 = Debug|Any CPU
		{5A75439A-E166-404E-8D2D-E2DB1EE94F64}.Release|Any CPU.ActiveCfg = Release|Any CPU
		{5A75439A-E166-404E-8D2D-E2DB1EE94F64}.Release|Any CPU.Build.0 = Release|Any CPU
	EndGlobalSection
	GlobalSection(SolutionProperties) = preSolution
		HideSolutionNode = FALSE
	EndGlobalSection
	GlobalSection(ExtensibilityGlobals) = postSolution
		SolutionGuid = {AB61A0AA-C6AE-4CEF-B90F-851253399A35}
	EndGlobalSection
EndGlobal
